// !$*UTF8*$!
{
	archiveVersion = 1;
	classes = {
	};
	objectVersion = 46;
	objects = {

/* Begin PBXBuildFile section */
		7D2FB8E81D85F9F400F5CB8C /* main.m in Sources */ = {isa = PBXBuildFile; fileRef = 7D2FB8E71D85F9F400F5CB8C /* main.m */; };
		7D2FB8F01D85FEA000F5CB8C /* Cell.m in Sources */ = {isa = PBXBuildFile; fileRef = 7D2FB8EF1D85FEA000F5CB8C /* Cell.m */; };
		7D2FB8F31D85FEB400F5CB8C /* GameController.m in Sources */ = {isa = PBXBuildFile; fileRef = 7D2FB8F21D85FEB400F5CB8C /* GameController.m */; };
		7D2FB8F61D85FFB100F5CB8C /* Player.m in Sources */ = {isa = PBXBuildFile; fileRef = 7D2FB8F51D85FFB100F5CB8C /* Player.m */; };
		7D2FB8F91D86104200F5CB8C /* SnakeOrLadder.m in Sources */ = {isa = PBXBuildFile; fileRef = 7D2FB8F81D86104200F5CB8C /* SnakeOrLadder.m */; };
		7D2FB8FC1D861EBF00F5CB8C /* PlayerInput.m in Sources */ = {isa = PBXBuildFile; fileRef = 7D2FB8FB1D861EBF00F5CB8C /* PlayerInput.m */; };
/* End PBXBuildFile section */

/* Begin PBXCopyFilesBuildPhase section */
		7D2FB8E21D85F9F400F5CB8C /* CopyFiles */ = {
			isa = PBXCopyFilesBuildPhase;
			buildActionMask = 2147483647;
			dstPath = /usr/share/man/man1/;
			dstSubfolderSpec = 0;
			files = (
			);
			runOnlyForDeploymentPostprocessing = 1;
		};
/* End PBXCopyFilesBuildPhase section */

/* Begin PBXFileReference section */
		7D2FB8E41D85F9F400F5CB8C /* Snakes And Ladders */ = {isa = PBXFileReference; explicitFileType = "compiled.mach-o.executable"; includeInIndex = 0; path = "Snakes And Ladders"; sourceTree = BUILT_PRODUCTS_DIR; };
		7D2FB8E71D85F9F400F5CB8C /* main.m */ = {isa = PBXFileReference; lastKnownFileType = sourcecode.c.objc; path = main.m; sourceTree = "<group>"; };
		7D2FB8EE1D85FEA000F5CB8C /* Cell.h */ = {isa = PBXFileReference; fileEncoding = 4; lastKnownFileType = sourcecode.c.h; path = Cell.h; sourceTree = "<group>"; };
		7D2FB8EF1D85FEA000F5CB8C /* Cell.m */ = {isa = PBXFileReference; fileEncoding = 4; lastKnownFileType = sourcecode.c.objc; path = Cell.m; sourceTree = "<group>"; };
		7D2FB8F11D85FEB400F5CB8C /* GameController.h */ = {isa = PBXFileReference; fileEncoding = 4; lastKnownFileType = sourcecode.c.h; path = GameController.h; sourceTree = "<group>"; };
		7D2FB8F21D85FEB400F5CB8C /* GameController.m */ = {isa = PBXFileReference; fileEncoding = 4; lastKnownFileType = sourcecode.c.objc; path = GameController.m; sourceTree = "<group>"; };
		7D2FB8F41D85FFB100F5CB8C /* Player.h */ = {isa = PBXFileReference; fileEncoding = 4; lastKnownFileType = sourcecode.c.h; path = Player.h; sourceTree = "<group>"; };
		7D2FB8F51D85FFB100F5CB8C /* Player.m */ = {isa = PBXFileReference; fileEncoding = 4; lastKnownFileType = sourcecode.c.objc; path = Player.m; sourceTree = "<group>"; };
		7D2FB8F71D86104200F5CB8C /* SnakeOrLadder.h */ = {isa = PBXFileReference; fileEncoding = 4; lastKnownFileType = sourcecode.c.h; path = SnakeOrLadder.h; sourceTree = "<group>"; };
		7D2FB8F81D86104200F5CB8C /* SnakeOrLadder.m */ = {isa = PBXFileReference; fileEncoding = 4; lastKnownFileType = sourcecode.c.objc; path = SnakeOrLadder.m; sourceTree = "<group>"; };
		7D2FB8FA1D861EBF00F5CB8C /* PlayerInput.h */ = {isa = PBXFileReference; fileEncoding = 4; lastKnownFileType = sourcecode.c.h; path = PlayerInput.h; sourceTree = "<group>"; };
		7D2FB8FB1D861EBF00F5CB8C /* PlayerInput.m */ = {isa = PBXFileReference; fileEncoding = 4; lastKnownFileType = sourcecode.c.objc; path = PlayerInput.m; sourceTree = "<group>"; };
/* End PBXFileReference section */

/* Begin PBXFrameworksBuildPhase section */
		7D2FB8E11D85F9F400F5CB8C /* Frameworks */ = {
			isa = PBXFrameworksBuildPhase;
			buildActionMask = 2147483647;
			files = (
			);
			runOnlyForDeploymentPostprocessing = 0;
		};
/* End PBXFrameworksBuildPhase section */

/* Begin PBXGroup section */
		7D2FB8DB1D85F9F400F5CB8C = {
			isa = PBXGroup;
			children = (
				7D2FB8E61D85F9F400F5CB8C /* Snakes And Ladders */,
				7D2FB8E51D85F9F400F5CB8C /* Products */,
			);
			sourceTree = "<group>";
		};
		7D2FB8E51D85F9F400F5CB8C /* Products */ = {
			isa = PBXGroup;
			children = (
				7D2FB8E41D85F9F400F5CB8C /* Snakes And Ladders */,
			);
			name = Products;
			sourceTree = "<group>";
		};
		7D2FB8E61D85F9F400F5CB8C /* Snakes And Ladders */ = {
			isa = PBXGroup;
			children = (
				7D2FB8E71D85F9F400F5CB8C /* main.m */,
				7D2FB8FA1D861EBF00F5CB8C /* PlayerInput.h */,
				7D2FB8FB1D861EBF00F5CB8C /* PlayerInput.m */,
				7D2FB8F41D85FFB100F5CB8C /* Player.h */,
				7D2FB8F51D85FFB100F5CB8C /* Player.m */,
				7D2FB8F71D86104200F5CB8C /* SnakeOrLadder.h */,
				7D2FB8F81D86104200F5CB8C /* SnakeOrLadder.m */,
				7D2FB8EE1D85FEA000F5CB8C /* Cell.h */,
				7D2FB8EF1D85FEA000F5CB8C /* Cell.m */,
				7D2FB8F11D85FEB400F5CB8C /* GameController.h */,
				7D2FB8F21D85FEB400F5CB8C /* GameController.m */,
			);
			path = "Snakes And Ladders";
			sourceTree = "<group>";
		};
/* End PBXGroup section */

/* Begin PBXNativeTarget section */
		7D2FB8E31D85F9F400F5CB8C /* Snakes And Ladders */ = {
			isa = PBXNativeTarget;
			buildConfigurationList = 7D2FB8EB1D85F9F400F5CB8C /* Build configuration list for PBXNativeTarget "Snakes And Ladders" */;
			buildPhases = (
				7D2FB8E01D85F9F400F5CB8C /* Sources */,
				7D2FB8E11D85F9F400F5CB8C /* Frameworks */,
				7D2FB8E21D85F9F400F5CB8C /* CopyFiles */,
			);
			buildRules = (
			);
			dependencies = (
			);
			name = "Snakes And Ladders";
			productName = "Snakes And Ladders";
			productReference = 7D2FB8E41D85F9F400F5CB8C /* Snakes And Ladders */;
			productType = "com.apple.product-type.tool";
		};
/* End PBXNativeTarget section */

/* Begin PBXProject section */
		7D2FB8DC1D85F9F400F5CB8C /* Project object */ = {
			isa = PBXProject;
			attributes = {
				LastUpgradeCheck = 0730;
				ORGANIZATIONNAME = "Tevin Maker";
				TargetAttributes = {
					7D2FB8E31D85F9F400F5CB8C = {
						CreatedOnToolsVersion = 7.3.1;
					};
				};
			};
			buildConfigurationList = 7D2FB8DF1D85F9F400F5CB8C /* Build configuration list for PBXProject "Snakes And Ladders" */;
			compatibilityVersion = "Xcode 3.2";
			developmentRegion = English;
			hasScannedForEncodings = 0;
			knownRegions = (
				en,
			);
			mainGroup = 7D2FB8DB1D85F9F400F5CB8C;
			productRefGroup = 7D2FB8E51D85F9F400F5CB8C /* Products */;
			projectDirPath = "";
			projectRoot = "";
			targets = (
				7D2FB8E31D85F9F400F5CB8C /* Snakes And Ladders */,
			);
		};
/* End PBXProject section */

/* Begin PBXSourcesBuildPhase section */
		7D2FB8E01D85F9F400F5CB8C /* Sources */ = {
			isa = PBXSourcesBuildPhase;
			buildActionMask = 2147483647;
			files = (
				7D2FB8F61D85FFB100F5CB8C /* Player.m in Sources */,
				7D2FB8F91D86104200F5CB8C /* SnakeOrLadder.m in Sources */,
				7D2FB8F31D85FEB400F5CB8C /* GameController.m in Sources */,
				7D2FB8FC1D861EBF00F5CB8C /* PlayerInput.m in Sources */,
				7D2FB8E81D85F9F400F5CB8C /* main.m in Sources */,
				7D2FB8F01D85FEA000F5CB8C /* Cell.m in Sources */,
			);
			runOnlyForDeploymentPostprocessing = 0;
		};
/* End PBXSourcesBuildPhase section */

/* Begin XCBuildConfiguration section */
		7D2FB8E91D85F9F400F5CB8C /* Debug */ = {
			isa = XCBuildConfiguration;
			buildSettings = {
				ALWAYS_SEARCH_USER_PATHS = NO;
				CLANG_ANALYZER_NONNULL = YES;
				CLANG_CXX_LANGUAGE_STANDARD = "gnu++0x";
				CLANG_CXX_LIBRARY = "libc++";
				CLANG_ENABLE_MODULES = YES;
				CLANG_ENABLE_OBJC_ARC = YES;
				CLANG_WARN_BOOL_CONVERSION = YES;
				CLANG_WARN_CONSTANT_CONVERSION = YES;
				CLANG_WARN_DIRECT_OBJC_ISA_USAGE = YES_ERROR;
				CLANG_WARN_EMPTY_BODY = YES;
				CLANG_WARN_ENUM_CONVERSION = YES;
				CLANG_WARN_INT_CONVERSION = YES;
				CLANG_WARN_OBJC_ROOT_CLASS = YES_ERROR;
				CLANG_WARN_UNREACHABLE_CODE = YES;
				CLANG_WARN__DUPLICATE_METHOD_MATCH = YES;
				CODE_SIGN_IDENTITY = "-";
				COPY_PHASE_STRIP = NO;
				DEBUG_INFORMATION_FORMAT = dwarf;
				ENABLE_STRICT_OBJC_MSGSEND = YES;
				ENABLE_TESTABILITY = YES;
				GCC_C_LANGUAGE_STANDARD = gnu99;
				GCC_DYNAMIC_NO_PIC = NO;
				GCC_NO_COMMON_BLOCKS = YES;
				GCC_OPTIMIZATION_LEVEL = 0;
				GCC_PREPROCESSOR_DEFINITIONS = (
					"DEBUG=1",
					"$(inherited)",
				);
				GCC_WARN_64_TO_32_BIT_CONVERSION = YES;
				GCC_WARN_ABOUT_RETURN_TYPE = YES_ERROR;
				GCC_WARN_UNDECLARED_SELECTOR = YES;
				GCC_WARN_UNINITIALIZED_AUTOS = YES_AGGRESSIVE;
				GCC_WARN_UNUSED_FUNCTION = YES;
				GCC_WARN_UNUSED_VARIABLE = YES;
				MACOSX_DEPLOYMENT_TARGET = 10.11;
				MTL_ENABLE_DEBUG_INFO = YES;
				ONLY_ACTIVE_ARCH = YES;
				SDKROOT = macosx;
			};
			name = Debug;
		};
		7D2FB8EA1D85F9F400F5CB8C /* Release */ = {
			isa = XCBuildConfiguration;
			buildSettings = {
				ALWAYS_SEARCH_USER_PATHS = NO;
				CLANG_ANALYZER_NONNULL = YES;
				CLANG_CXX_LANGUAGE_STANDARD = "gnu++0x";
				CLANG_CXX_LIBRARY = "libc++";
				CLANG_ENABLE_MODULES = YES;
				CLANG_ENABLE_OBJC_ARC = YES;
				CLANG_WARN_BOOL_CONVERSION = YES;
				CLANG_WARN_CONSTANT_CONVERSION = YES;
				CLANG_WARN_DIRECT_OBJC_ISA_USAGE = YES_ERROR;
				CLANG_WARN_EMPTY_BODY = YES;
				CLANG_WARN_ENUM_CONVERSION = YES;
				CLANG_WARN_INT_CONVERSION = YES;
				CLANG_WARN_OBJC_ROOT_CLASS = YES_ERROR;
				CLANG_WARN_UNREACHABLE_CODE = YES;
				CLANG_WARN__DUPLICATE_METHOD_MATCH = YES;
				CODE_SIGN_IDENTITY = "-";
				COPY_PHASE_STRIP = NO;
				DEBUG_INFORMATION_FORMAT = "dwarf-with-dsym";
				ENABLE_NS_ASSERTIONS = NO;
				ENABLE_STRICT_OBJC_MSGSEND = YES;
				GCC_C_LANGUAGE_STANDARD = gnu99;
				GCC_NO_COMMON_BLOCKS = YES;
				GCC_WARN_64_TO_32_BIT_CONVERSION = YES;
				GCC_WARN_ABOUT_RETURN_TYPE = YES_ERROR;
				GCC_WARN_UNDECLARED_SELECTOR = YES;
				GCC_WARN_UNINITIALIZED_AUTOS = YES_AGGRESSIVE;
				GCC_WARN_UNUSED_FUNCTION = YES;
				GCC_WARN_UNUSED_VARIABLE = YES;
				MACOSX_DEPLOYMENT_TARGET = 10.11;
				MTL_ENABLE_DEBUG_INFO = NO;
				SDKROOT = macosx;
			};
			name = Release;
		};
		7D2FB8EC1D85F9F400F5CB8C /* Debug */ = {
			isa = XCBuildConfiguration;
			buildSettings = {
				PRODUCT_NAME = "$(TARGET_NAME)";
			};
			name = Debug;
		};
		7D2FB8ED1D85F9F400F5CB8C /* Release */ = {
			isa = XCBuildConfiguration;
			buildSettings = {
				PRODUCT_NAME = "$(TARGET_NAME)";
			};
			name = Release;
		};
/* End XCBuildConfiguration section */

/* Begin XCConfigurationList section */
		7D2FB8DF1D85F9F400F5CB8C /* Build configuration list for PBXProject "Snakes And Ladders" */ = {
			isa = XCConfigurationList;
			buildConfigurations = (
				7D2FB8E91D85F9F400F5CB8C /* Debug */,
				7D2FB8EA1D85F9F400F5CB8C /* Release */,
			);
			defaultConfigurationIsVisible = 0;
			defaultConfigurationName = Release;
		};
		7D2FB8EB1D85F9F400F5CB8C /* Build configuration list for PBXNativeTarget "Snakes And Ladders" */ = {
			isa = XCConfigurationList;
			buildConfigurations = (
				7D2FB8EC1D85F9F400F5CB8C /* Debug */,
				7D2FB8ED1D85F9F400F5CB8C /* Release */,
			);
			defaultConfigurationIsVisible = 0;
			defaultConfigurationName = Release;
		};
/* End XCConfigurationList section */
	};
	rootObject = 7D2FB8DC1D85F9F400F5CB8C /* Project object */;
}
